
Microsoft Visual Studio Solution File, Format Version 12.00
# Visual Studio Version 17
VisualStudioVersion = 17.7.34031.279
MinimumVisualStudioVersion = 10.0.40219.1
Project("{FAE04EC0-301F-11D3-BF4B-00C04F79EFBC}") = "assignment3", "assignment3.csproj", "{FE46C547-31E1-4244-85B7-DEA98CA92BA2}"
EndProject
Project("{FAE04EC0-301F-11D3-BF4B-00C04F79EFBC}") = "assignment3-2", "assignment3-2\assignment3-2.csproj", "{D5447DB5-6311-4D83-B505-A956D1E3103A}"
EndProject
Project("{FAE04EC0-301F-11D3-BF4B-00C04F79EFBC}") = "assignment3-1", "assignment3-1\assignment3-1.csproj", "{371C29E9-EC07-4C2C-8E24-67B3ACA954D1}"
EndProject
Global
	GlobalSection(SolutionConfigurationPlatforms) = preSolution
		Debug|Any CPU = Debug|Any CPU
		Release|Any CPU = Release|Any CPU
	EndGlobalSection
	GlobalSection(ProjectConfigurationPlatforms) = postSolution
		{FE46C547-31E1-4244-85B7-DEA98CA92BA2}.Debug|Any CPU.ActiveCfg = Debug|Any CPU
		{FE46C547-31E1-4244-85B7-DEA98CA92BA2}.Debug|Any CPU.Build.0 = Debug|Any CPU
		{FE46C547-31E1-4244-85B7-DEA98CA92BA2}.Release|Any CPU.ActiveCfg = Release|Any CPU
		{FE46C547-31E1-4244-85B7-DEA98CA92BA2}.Release|Any CPU.Build.0 = Release|Any CPU
		{D5447DB5-6311-4D83-B505-A956D1E3103A}.Debug|Any CPU.ActiveCfg = Debug|Any CPU
		{D5447DB5-6311-4D83-B505-A956D1E3103A}.Debug|Any CPU.Build.0 = Debug|Any CPU
		{D5447DB5-6311-4D83-B505-A956D1E3103A}.Release|Any CPU.ActiveCfg = Release|Any CPU
		{D5447DB5-6311-4D83-B505-A956D1E3103A}.Release|Any CPU.Build.0 = Release|Any CPU
		{371C29E9-EC07-4C2C-8E24-67B3ACA954D1}.Debug|Any CPU.ActiveCfg = Debug|Any CPU
		{371C29E9-EC07-4C2C-8E24-67B3ACA954D1}.Debug|Any CPU.Build.0 = Debug|Any CPU
		{371C29E9-EC07-4C2C-8E24-67B3ACA954D1}.Release|Any CPU.ActiveCfg = Release|Any CPU
		{371C29E9-EC07-4C2C-8E24-67B3ACA954D1}.Release|Any CPU.Build.0 = Release|Any CPU
	EndGlobalSection
	GlobalSection(SolutionProperties) = preSolution
		HideSolutionNode = FALSE
	EndGlobalSection
	GlobalSection(ExtensibilityGlobals) = postSolution
		SolutionGuid = {C57B648F-FE26-44D4-A611-89FD43C0F1B5}
	EndGlobalSection
EndGlobal
