
Microsoft Visual Studio Solution File, Format Version 12.00
# Visual Studio Version 17
VisualStudioVersion = 17.7.34031.279
MinimumVisualStudioVersion = 10.0.40219.1
Project("{FAE04EC0-301F-11D3-BF4B-00C04F79EFBC}") = "assignment2-2", "assignment2-2.csproj", "{EDDD6399-7EA3-4A3D-B541-DA0C4460E757}"
EndProject
Global
	GlobalSection(SolutionConfigurationPlatforms) = preSolution
		Debug|Any CPU = Debug|Any CPU
		Release|Any CPU = Release|Any CPU
	EndGlobalSection
	GlobalSection(ProjectConfigurationPlatforms) = postSolution
		{EDDD6399-7EA3-4A3D-B541-DA0C4460E757}.Debug|Any CPU.ActiveCfg = Debug|Any CPU
		{EDDD6399-7EA3-4A3D-B541-DA0C4460E757}.Debug|Any CPU.Build.0 = Debug|Any CPU
		{EDDD6399-7EA3-4A3D-B541-DA0C4460E757}.Release|Any CPU.ActiveCfg = Release|Any CPU
		{EDDD6399-7EA3-4A3D-B541-DA0C4460E757}.Release|Any CPU.Build.0 = Release|Any CPU
	EndGlobalSection
	GlobalSection(SolutionProperties) = preSolution
		HideSolutionNode = FALSE
	EndGlobalSection
	GlobalSection(ExtensibilityGlobals) = postSolution
		SolutionGuid = {F607D7EE-BFED-466B-B0D7-C891DAEEB7FB}
	EndGlobalSection
EndGlobal
